
Microsoft Visual Studio Solution File, Format Version 12.00
# Visual Studio 15
VisualStudioVersion = 15.0.27703.2026
MinimumVisualStudioVersion = 10.0.40219.1
Project("{888888A0-9F3D-457C-B088-3A5042F75D52}") = "Minicurso1807", "Minicurso1807\Minicurso1807.pyproj", "{77CF03D6-3784-4435-9640-BE8F1A459066}"
EndProject
Global
	GlobalSection(SolutionConfigurationPlatforms) = preSolution
		Debug|Any CPU = Debug|Any CPU
		Release|Any CPU = Release|Any CPU
	EndGlobalSection
	GlobalSection(ProjectConfigurationPlatforms) = postSolution
		{77CF03D6-3784-4435-9640-BE8F1A459066}.Debug|Any CPU.ActiveCfg = Debug|Any CPU
		{77CF03D6-3784-4435-9640-BE8F1A459066}.Release|Any CPU.ActiveCfg = Release|Any CPU
	EndGlobalSection
	GlobalSection(SolutionProperties) = preSolution
		HideSolutionNode = FALSE
	EndGlobalSection
	GlobalSection(ExtensibilityGlobals) = postSolution
		SolutionGuid = {7A58C972-EE38-4DA5-B637-FBDC23162565}
	EndGlobalSection
EndGlobal
